
Microsoft Visual Studio Solution File, Format Version 12.00
# Visual Studio Version 17
VisualStudioVersion = 17.4.33110.190
MinimumVisualStudioVersion = 10.0.40219.1
Project("{FAE04EC0-301F-11D3-BF4B-00C04F79EFBC}") = "in-csharp", "in-csharp.csproj", "{C3AFDC58-B8B1-4E55-86E1-2247E65AF661}"
EndProject
Global
	GlobalSection(SolutionConfigurationPlatforms) = preSolution
		Debug|Any CPU = Debug|Any CPU
		Release|Any CPU = Release|Any CPU
	EndGlobalSection
	GlobalSection(ProjectConfigurationPlatforms) = postSolution
		{C3AFDC58-B8B1-4E55-86E1-2247E65AF661}.Debug|Any CPU.ActiveCfg = Debug|Any CPU
		{C3AFDC58-B8B1-4E55-86E1-2247E65AF661}.Debug|Any CPU.Build.0 = Debug|Any CPU
		{C3AFDC58-B8B1-4E55-86E1-2247E65AF661}.Release|Any CPU.ActiveCfg = Release|Any CPU
		{C3AFDC58-B8B1-4E55-86E1-2247E65AF661}.Release|Any CPU.Build.0 = Release|Any CPU
	EndGlobalSection
	GlobalSection(SolutionProperties) = preSolution
		HideSolutionNode = FALSE
	EndGlobalSection
	GlobalSection(ExtensibilityGlobals) = postSolution
		SolutionGuid = {97C69A94-7B65-4721-AF5B-FAA4C86EE464}
	EndGlobalSection
EndGlobal
